{
  "pins" : [
    {
      "identity" : "jgprogresshud",
      "kind" : "remoteSourceControl",
      "location" : "https://github.com/JonasGessner/JGProgressHUD.git",
      "state" : {
        "branch" : "master",
        "revision" : "103d67f308b8c0c18926061025549af98cdfd6fc"
      }
    },
    {
      "identity" : "netfox",
      "kind" : "remoteSourceControl",
      "location" : "https://github.com/kasketis/netfox",
      "state" : {
        "branch" : "develop",
        "revision" : "f53d5783edbf2232f7baa576831d5dc49dabedba"
      }
    }
  ],
  "version" : 2
}
